
Microsoft Visual Studio Solution File, Format Version 12.00
# Visual Studio Version 17
VisualStudioVersion = 17.14.36915.13 d17.14
MinimumVisualStudioVersion = 10.0.40219.1
Project("{FAE04EC0-301F-11D3-BF4B-00C04F79EFBC}") = "Tic Tac Toe", "Tic Tac Toe\Tic Tac Toe.csproj", "{AC72B30A-AB3A-4A6B-9D37-3CFBAA2E12E8}"
EndProject
Global
	GlobalSection(SolutionConfigurationPlatforms) = preSolution
		Debug|Any CPU = Debug|Any CPU
		Release|Any CPU = Release|Any CPU
	EndGlobalSection
	GlobalSection(ProjectConfigurationPlatforms) = postSolution
		{AC72B30A-AB3A-4A6B-9D37-3CFBAA2E12E8}.Debug|Any CPU.ActiveCfg = Debug|Any CPU
		{AC72B30A-AB3A-4A6B-9D37-3CFBAA2E12E8}.Debug|Any CPU.Build.0 = Debug|Any CPU
		{AC72B30A-AB3A-4A6B-9D37-3CFBAA2E12E8}.Release|Any CPU.ActiveCfg = Release|Any CPU
		{AC72B30A-AB3A-4A6B-9D37-3CFBAA2E12E8}.Release|Any CPU.Build.0 = Release|Any CPU
	EndGlobalSection
	GlobalSection(SolutionProperties) = preSolution
		HideSolutionNode = FALSE
	EndGlobalSection
	GlobalSection(ExtensibilityGlobals) = postSolution
		SolutionGuid = {D5B3BB02-4746-48A2-88C1-95B1D02A9EC8}
	EndGlobalSection
EndGlobal
